
Microsoft Visual Studio Solution File, Format Version 12.00
# Visual Studio Version 17
VisualStudioVersion = 17.1.32210.238
MinimumVisualStudioVersion = 10.0.40219.1
Project("{FAE04EC0-301F-11D3-BF4B-00C04F79EFBC}") = "Dell", "Dell\Dell.csproj", "{F6B75B7F-BB96-4FBA-BFF3-61C709DFCE89}"
EndProject
Global
	GlobalSection(SolutionConfigurationPlatforms) = preSolution
		Debug|Any CPU = Debug|Any CPU
		Release|Any CPU = Release|Any CPU
	EndGlobalSection
	GlobalSection(ProjectConfigurationPlatforms) = postSolution
		{F6B75B7F-BB96-4FBA-BFF3-61C709DFCE89}.Debug|Any CPU.ActiveCfg = Debug|Any CPU
		{F6B75B7F-BB96-4FBA-BFF3-61C709DFCE89}.Debug|Any CPU.Build.0 = Debug|Any CPU
		{F6B75B7F-BB96-4FBA-BFF3-61C709DFCE89}.Release|Any CPU.ActiveCfg = Release|Any CPU
		{F6B75B7F-BB96-4FBA-BFF3-61C709DFCE89}.Release|Any CPU.Build.0 = Release|Any CPU
	EndGlobalSection
	GlobalSection(SolutionProperties) = preSolution
		HideSolutionNode = FALSE
	EndGlobalSection
	GlobalSection(ExtensibilityGlobals) = postSolution
		SolutionGuid = {125B21D5-2936-4101-94A2-65AB4537BAC1}
	EndGlobalSection
EndGlobal
